
Microsoft Visual Studio Solution File, Format Version 12.00
# Visual Studio Version 17
VisualStudioVersion = 17.2.32526.322
MinimumVisualStudioVersion = 10.0.40219.1
Project("{FAE04EC0-301F-11D3-BF4B-00C04F79EFBC}") = "FileManagerApp", "FileManagerApp.csproj", "{6AD2A524-C008-4FC6-B3D9-53D746D8DE71}"
EndProject
Global
	GlobalSection(SolutionConfigurationPlatforms) = preSolution
		Debug|Any CPU = Debug|Any CPU
		Release|Any CPU = Release|Any CPU
	EndGlobalSection
	GlobalSection(ProjectConfigurationPlatforms) = postSolution
		{6AD2A524-C008-4FC6-B3D9-53D746D8DE71}.Debug|Any CPU.ActiveCfg = Debug|Any CPU
		{6AD2A524-C008-4FC6-B3D9-53D746D8DE71}.Debug|Any CPU.Build.0 = Debug|Any CPU
		{6AD2A524-C008-4FC6-B3D9-53D746D8DE71}.Release|Any CPU.ActiveCfg = Release|Any CPU
		{6AD2A524-C008-4FC6-B3D9-53D746D8DE71}.Release|Any CPU.Build.0 = Release|Any CPU
	EndGlobalSection
	GlobalSection(SolutionProperties) = preSolution
		HideSolutionNode = FALSE
	EndGlobalSection
	GlobalSection(ExtensibilityGlobals) = postSolution
		SolutionGuid = {D5F1410B-98EA-4C65-86EB-C4D1A40D0248}
	EndGlobalSection
EndGlobal
